// !$*UTF8*$!
{
	archiveVersion = 1;
	classes = {
	};
	objectVersion = 45;
	objects = {

/* Begin PBXBuildFile section */
		1DDD58160DA1D0A300B32029 /* MainMenu.xib in Resources */ = {isa = PBXBuildFile; fileRef = 1DDD58140DA1D0A300B32029 /* MainMenu.xib */; };
		256AC3DA0F4B6AC300CF3369 /* ScreenCapTheoraAppDelegate.m in Sources */ = {isa = PBXBuildFile; fileRef = 256AC3D90F4B6AC300CF3369 /* ScreenCapTheoraAppDelegate.m */; };
		8D11072B0486CEB800E47090 /* InfoPlist.strings in Resources */ = {isa = PBXBuildFile; fileRef = 089C165CFE840E0CC02AAC07 /* InfoPlist.strings */; };
		8D11072D0486CEB800E47090 /* main.m in Sources */ = {isa = PBXBuildFile; fileRef = 29B97316FDCFA39411CA2CEA /* main.m */; settings = {ATTRIBUTES = (); }; };
		8D11072F0486CEB800E47090 /* Cocoa.framework in Frameworks */ = {isa = PBXBuildFile; fileRef = 1058C7A1FEA54F0111CA2CBB /* Cocoa.framework */; };
		B75F8C7C12FD034D000DA55B /* DrumbeatLogo.icns in Resources */ = {isa = PBXBuildFile; fileRef = B75F8C7B12FD034D000DA55B /* DrumbeatLogo.icns */; };
		EA58FDD512EB93A50069C8A7 /* OpenGL.framework in Frameworks */ = {isa = PBXBuildFile; fileRef = EA58FDD412EB93A50069C8A7 /* OpenGL.framework */; };
		EA58FDDD12EB948C0069C8A7 /* Quartz.framework in Frameworks */ = {isa = PBXBuildFile; fileRef = EA58FDDC12EB948C0069C8A7 /* Quartz.framework */; };
		EA58FE2312EBAD150069C8A7 /* FrameReader.m in Sources */ = {isa = PBXBuildFile; fileRef = EA58FE2212EBAD150069C8A7 /* FrameReader.m */; };
		EA58FE2912EBAD270069C8A7 /* Queue.m in Sources */ = {isa = PBXBuildFile; fileRef = EA58FE2612EBAD270069C8A7 /* Queue.m */; };
		EA58FE2A12EBAD270069C8A7 /* QueueController.m in Sources */ = {isa = PBXBuildFile; fileRef = EA58FE2812EBAD270069C8A7 /* QueueController.m */; };
		EA58FE7F12EBBB2D0069C8A7 /* libogg.a in Frameworks */ = {isa = PBXBuildFile; fileRef = EA58FE7E12EBBB2D0069C8A7 /* libogg.a */; };
		EA58FE8312EBBB2D0069C8A7 /* libtheora.a in Frameworks */ = {isa = PBXBuildFile; fileRef = EA58FE8212EBBB2D0069C8A7 /* libtheora.a */; };
		EA58FE8512EBBB2D0069C8A7 /* libtheoraenc.a in Frameworks */ = {isa = PBXBuildFile; fileRef = EA58FE8412EBBB2D0069C8A7 /* libtheoraenc.a */; };
		EA58FEC412EBC97E0069C8A7 /* Convert.m in Sources */ = {isa = PBXBuildFile; fileRef = EA58FEC212EBC97E0069C8A7 /* Convert.m */; };
		EA82D2E612ED85EA000F2606 /* QuartzCore.framework in Frameworks */ = {isa = PBXBuildFile; fileRef = EA82D2E512ED85EA000F2606 /* QuartzCore.framework */; };
/* End PBXBuildFile section */

/* Begin PBXFileReference section */
		089C165DFE840E0CC02AAC07 /* English */ = {isa = PBXFileReference; fileEncoding = 4; lastKnownFileType = text.plist.strings; name = English; path = English.lproj/InfoPlist.strings; sourceTree = "<group>"; };
		1058C7A1FEA54F0111CA2CBB /* Cocoa.framework */ = {isa = PBXFileReference; lastKnownFileType = wrapper.framework; name = Cocoa.framework; path = /System/Library/Frameworks/Cocoa.framework; sourceTree = "<absolute>"; };
		13E42FB307B3F0F600E4EEF1 /* CoreData.framework */ = {isa = PBXFileReference; lastKnownFileType = wrapper.framework; name = CoreData.framework; path = /System/Library/Frameworks/CoreData.framework; sourceTree = "<absolute>"; };
		1DDD58150DA1D0A300B32029 /* English */ = {isa = PBXFileReference; lastKnownFileType = file.xib; name = English; path = English.lproj/MainMenu.xib; sourceTree = "<group>"; };
		256AC3D80F4B6AC300CF3369 /* ScreenCapTheoraAppDelegate.h */ = {isa = PBXFileReference; fileEncoding = 4; lastKnownFileType = sourcecode.c.h; path = ScreenCapTheoraAppDelegate.h; sourceTree = "<group>"; };
		256AC3D90F4B6AC300CF3369 /* ScreenCapTheoraAppDelegate.m */ = {isa = PBXFileReference; fileEncoding = 4; lastKnownFileType = sourcecode.c.objc; path = ScreenCapTheoraAppDelegate.m; sourceTree = "<group>"; };
		256AC3F00F4B6AF500CF3369 /* ScreenCapTheora_Prefix.pch */ = {isa = PBXFileReference; fileEncoding = 4; lastKnownFileType = sourcecode.c.h; path = ScreenCapTheora_Prefix.pch; sourceTree = "<group>"; };
		29B97316FDCFA39411CA2CEA /* main.m */ = {isa = PBXFileReference; fileEncoding = 4; lastKnownFileType = sourcecode.c.objc; path = main.m; sourceTree = "<group>"; };
		29B97324FDCFA39411CA2CEA /* AppKit.framework */ = {isa = PBXFileReference; lastKnownFileType = wrapper.framework; name = AppKit.framework; path = /System/Library/Frameworks/AppKit.framework; sourceTree = "<absolute>"; };
		29B97325FDCFA39411CA2CEA /* Foundation.framework */ = {isa = PBXFileReference; lastKnownFileType = wrapper.framework; name = Foundation.framework; path = /System/Library/Frameworks/Foundation.framework; sourceTree = "<absolute>"; };
		8D1107310486CEB800E47090 /* ScreenCapTheora-Info.plist */ = {isa = PBXFileReference; fileEncoding = 4; lastKnownFileType = text.plist.xml; path = "ScreenCapTheora-Info.plist"; sourceTree = "<group>"; };
		8D1107320486CEB800E47090 /* Echoance.app */ = {isa = PBXFileReference; explicitFileType = wrapper.application; includeInIndex = 0; path = Echoance.app; sourceTree = BUILT_PRODUCTS_DIR; };
		B75F8C7B12FD034D000DA55B /* DrumbeatLogo.icns */ = {isa = PBXFileReference; lastKnownFileType = image.icns; path = DrumbeatLogo.icns; sourceTree = "<group>"; };
		EA58FDD412EB93A50069C8A7 /* OpenGL.framework */ = {isa = PBXFileReference; lastKnownFileType = wrapper.framework; name = OpenGL.framework; path = System/Library/Frameworks/OpenGL.framework; sourceTree = SDKROOT; };
		EA58FDDC12EB948C0069C8A7 /* Quartz.framework */ = {isa = PBXFileReference; lastKnownFileType = wrapper.framework; name = Quartz.framework; path = System/Library/Frameworks/Quartz.framework; sourceTree = SDKROOT; };
		EA58FE2112EBAD150069C8A7 /* FrameReader.h */ = {isa = PBXFileReference; fileEncoding = 4; lastKnownFileType = sourcecode.c.h; path = FrameReader.h; sourceTree = "<group>"; };
		EA58FE2212EBAD150069C8A7 /* FrameReader.m */ = {isa = PBXFileReference; fileEncoding = 4; lastKnownFileType = sourcecode.c.objc; path = FrameReader.m; sourceTree = "<group>"; };
		EA58FE2512EBAD270069C8A7 /* Queue.h */ = {isa = PBXFileReference; fileEncoding = 4; lastKnownFileType = sourcecode.c.h; path = Queue.h; sourceTree = "<group>"; };
		EA58FE2612EBAD270069C8A7 /* Queue.m */ = {isa = PBXFileReference; fileEncoding = 4; lastKnownFileType = sourcecode.c.objc; path = Queue.m; sourceTree = "<group>"; };
		EA58FE2712EBAD270069C8A7 /* QueueController.h */ = {isa = PBXFileReference; fileEncoding = 4; lastKnownFileType = sourcecode.c.h; path = QueueController.h; sourceTree = "<group>"; };
		EA58FE2812EBAD270069C8A7 /* QueueController.m */ = {isa = PBXFileReference; fileEncoding = 4; lastKnownFileType = sourcecode.c.objc; path = QueueController.m; sourceTree = "<group>"; };
		EA58FE7E12EBBB2D0069C8A7 /* libogg.a */ = {isa = PBXFileReference; lastKnownFileType = archive.ar; name = libogg.a; path = "/Users/avarma/Documents/new-2011-stuff/ScreenCapTheora/third-party-lib/libogg.a"; sourceTree = "<absolute>"; };
		EA58FE8212EBBB2D0069C8A7 /* libtheora.a */ = {isa = PBXFileReference; lastKnownFileType = archive.ar; name = libtheora.a; path = "/Users/avarma/Documents/new-2011-stuff/ScreenCapTheora/third-party-lib/libtheora.a"; sourceTree = "<absolute>"; };
		EA58FE8412EBBB2D0069C8A7 /* libtheoraenc.a */ = {isa = PBXFileReference; lastKnownFileType = archive.ar; name = libtheoraenc.a; path = "/Users/avarma/Documents/new-2011-stuff/ScreenCapTheora/third-party-lib/libtheoraenc.a"; sourceTree = "<absolute>"; };
		EA58FEC212EBC97E0069C8A7 /* Convert.m */ = {isa = PBXFileReference; fileEncoding = 4; lastKnownFileType = sourcecode.c.objc; path = Convert.m; sourceTree = "<group>"; };
		EA58FEC312EBC97E0069C8A7 /* Convert.h */ = {isa = PBXFileReference; fileEncoding = 4; lastKnownFileType = sourcecode.c.h; path = Convert.h; sourceTree = "<group>"; };
		EA82D2E512ED85EA000F2606 /* QuartzCore.framework */ = {isa = PBXFileReference; lastKnownFileType = wrapper.framework; name = QuartzCore.framework; path = System/Library/Frameworks/QuartzCore.framework; sourceTree = SDKROOT; };
/* End PBXFileReference section */

/* Begin PBXFrameworksBuildPhase section */
		8D11072E0486CEB800E47090 /* Frameworks */ = {
			isa = PBXFrameworksBuildPhase;
			buildActionMask = 2147483647;
			files = (
				8D11072F0486CEB800E47090 /* Cocoa.framework in Frameworks */,
				EA58FDD512EB93A50069C8A7 /* OpenGL.framework in Frameworks */,
				EA58FDDD12EB948C0069C8A7 /* Quartz.framework in Frameworks */,
				EA58FE7F12EBBB2D0069C8A7 /* libogg.a in Frameworks */,
				EA58FE8312EBBB2D0069C8A7 /* libtheora.a in Frameworks */,
				EA58FE8512EBBB2D0069C8A7 /* libtheoraenc.a in Frameworks */,
				EA82D2E612ED85EA000F2606 /* QuartzCore.framework in Frameworks */,
			);
			runOnlyForDeploymentPostprocessing = 0;
		};
/* End PBXFrameworksBuildPhase section */

/* Begin PBXGroup section */
		080E96DDFE201D6D7F000001 /* Classes */ = {
			isa = PBXGroup;
			children = (
				256AC3D80F4B6AC300CF3369 /* ScreenCapTheoraAppDelegate.h */,
				256AC3D90F4B6AC300CF3369 /* ScreenCapTheoraAppDelegate.m */,
				EA58FE2412EBAD270069C8A7 /* Queue Utils */,
				EA58FE2012EBAD150069C8A7 /* Screen Reader */,
			);
			name = Classes;
			sourceTree = "<group>";
		};
		1058C7A0FEA54F0111CA2CBB /* Linked Frameworks */ = {
			isa = PBXGroup;
			children = (
				1058C7A1FEA54F0111CA2CBB /* Cocoa.framework */,
			);
			name = "Linked Frameworks";
			sourceTree = "<group>";
		};
		1058C7A2FEA54F0111CA2CBB /* Other Frameworks */ = {
			isa = PBXGroup;
			children = (
				29B97324FDCFA39411CA2CEA /* AppKit.framework */,
				13E42FB307B3F0F600E4EEF1 /* CoreData.framework */,
				29B97325FDCFA39411CA2CEA /* Foundation.framework */,
			);
			name = "Other Frameworks";
			sourceTree = "<group>";
		};
		19C28FACFE9D520D11CA2CBB /* Products */ = {
			isa = PBXGroup;
			children = (
				8D1107320486CEB800E47090 /* Echoance.app */,
			);
			name = Products;
			sourceTree = "<group>";
		};
		29B97314FDCFA39411CA2CEA /* ScreenCapTheora */ = {
			isa = PBXGroup;
			children = (
				080E96DDFE201D6D7F000001 /* Classes */,
				29B97315FDCFA39411CA2CEA /* Other Sources */,
				29B97317FDCFA39411CA2CEA /* Resources */,
				29B97323FDCFA39411CA2CEA /* Frameworks */,
				19C28FACFE9D520D11CA2CBB /* Products */,
				EA58FDD412EB93A50069C8A7 /* OpenGL.framework */,
				EA58FDDC12EB948C0069C8A7 /* Quartz.framework */,
				EA58FE7E12EBBB2D0069C8A7 /* libogg.a */,
				EA58FE8212EBBB2D0069C8A7 /* libtheora.a */,
				EA58FE8412EBBB2D0069C8A7 /* libtheoraenc.a */,
				EA82D2E512ED85EA000F2606 /* QuartzCore.framework */,
			);
			name = ScreenCapTheora;
			sourceTree = "<group>";
		};
		29B97315FDCFA39411CA2CEA /* Other Sources */ = {
			isa = PBXGroup;
			children = (
				EA58FEC212EBC97E0069C8A7 /* Convert.m */,
				EA58FEC312EBC97E0069C8A7 /* Convert.h */,
				256AC3F00F4B6AF500CF3369 /* ScreenCapTheora_Prefix.pch */,
				29B97316FDCFA39411CA2CEA /* main.m */,
			);
			name = "Other Sources";
			sourceTree = "<group>";
		};
		29B97317FDCFA39411CA2CEA /* Resources */ = {
			isa = PBXGroup;
			children = (
				B75F8C7B12FD034D000DA55B /* DrumbeatLogo.icns */,
				8D1107310486CEB800E47090 /* ScreenCapTheora-Info.plist */,
				089C165CFE840E0CC02AAC07 /* InfoPlist.strings */,
				1DDD58140DA1D0A300B32029 /* MainMenu.xib */,
			);
			name = Resources;
			sourceTree = "<group>";
		};
		29B97323FDCFA39411CA2CEA /* Frameworks */ = {
			isa = PBXGroup;
			children = (
				1058C7A0FEA54F0111CA2CBB /* Linked Frameworks */,
				1058C7A2FEA54F0111CA2CBB /* Other Frameworks */,
			);
			name = Frameworks;
			sourceTree = "<group>";
		};
		EA58FE2012EBAD150069C8A7 /* Screen Reader */ = {
			isa = PBXGroup;
			children = (
				EA58FE2112EBAD150069C8A7 /* FrameReader.h */,
				EA58FE2212EBAD150069C8A7 /* FrameReader.m */,
			);
			name = "Screen Reader";
			sourceTree = "<group>";
		};
		EA58FE2412EBAD270069C8A7 /* Queue Utils */ = {
			isa = PBXGroup;
			children = (
				EA58FE2512EBAD270069C8A7 /* Queue.h */,
				EA58FE2612EBAD270069C8A7 /* Queue.m */,
				EA58FE2712EBAD270069C8A7 /* QueueController.h */,
				EA58FE2812EBAD270069C8A7 /* QueueController.m */,
			);
			name = "Queue Utils";
			sourceTree = "<group>";
		};
/* End PBXGroup section */

/* Begin PBXNativeTarget section */
		8D1107260486CEB800E47090 /* Echoance */ = {
			isa = PBXNativeTarget;
			buildConfigurationList = C01FCF4A08A954540054247B /* Build configuration list for PBXNativeTarget "Echoance" */;
			buildPhases = (
				8D1107290486CEB800E47090 /* Resources */,
				8D11072C0486CEB800E47090 /* Sources */,
				8D11072E0486CEB800E47090 /* Frameworks */,
			);
			buildRules = (
			);
			dependencies = (
			);
			name = Echoance;
			productInstallPath = "$(HOME)/Applications";
			productName = ScreenCapTheora;
			productReference = 8D1107320486CEB800E47090 /* Echoance.app */;
			productType = "com.apple.product-type.application";
		};
/* End PBXNativeTarget section */

/* Begin PBXProject section */
		29B97313FDCFA39411CA2CEA /* Project object */ = {
			isa = PBXProject;
			buildConfigurationList = C01FCF4E08A954540054247B /* Build configuration list for PBXProject "ScreenCapTheora" */;
			compatibilityVersion = "Xcode 3.1";
			developmentRegion = English;
			hasScannedForEncodings = 1;
			knownRegions = (
				English,
				Japanese,
				French,
				German,
			);
			mainGroup = 29B97314FDCFA39411CA2CEA /* ScreenCapTheora */;
			projectDirPath = "";
			projectRoot = "";
			targets = (
				8D1107260486CEB800E47090 /* Echoance */,
			);
		};
/* End PBXProject section */

/* Begin PBXResourcesBuildPhase section */
		8D1107290486CEB800E47090 /* Resources */ = {
			isa = PBXResourcesBuildPhase;
			buildActionMask = 2147483647;
			files = (
				8D11072B0486CEB800E47090 /* InfoPlist.strings in Resources */,
				1DDD58160DA1D0A300B32029 /* MainMenu.xib in Resources */,
				B75F8C7C12FD034D000DA55B /* DrumbeatLogo.icns in Resources */,
			);
			runOnlyForDeploymentPostprocessing = 0;
		};
/* End PBXResourcesBuildPhase section */

/* Begin PBXSourcesBuildPhase section */
		8D11072C0486CEB800E47090 /* Sources */ = {
			isa = PBXSourcesBuildPhase;
			buildActionMask = 2147483647;
			files = (
				8D11072D0486CEB800E47090 /* main.m in Sources */,
				256AC3DA0F4B6AC300CF3369 /* ScreenCapTheoraAppDelegate.m in Sources */,
				EA58FE2312EBAD150069C8A7 /* FrameReader.m in Sources */,
				EA58FE2912EBAD270069C8A7 /* Queue.m in Sources */,
				EA58FE2A12EBAD270069C8A7 /* QueueController.m in Sources */,
				EA58FEC412EBC97E0069C8A7 /* Convert.m in Sources */,
			);
			runOnlyForDeploymentPostprocessing = 0;
		};
/* End PBXSourcesBuildPhase section */

/* Begin PBXVariantGroup section */
		089C165CFE840E0CC02AAC07 /* InfoPlist.strings */ = {
			isa = PBXVariantGroup;
			children = (
				089C165DFE840E0CC02AAC07 /* English */,
			);
			name = InfoPlist.strings;
			sourceTree = "<group>";
		};
		1DDD58140DA1D0A300B32029 /* MainMenu.xib */ = {
			isa = PBXVariantGroup;
			children = (
				1DDD58150DA1D0A300B32029 /* English */,
			);
			name = MainMenu.xib;
			sourceTree = "<group>";
		};
/* End PBXVariantGroup section */

/* Begin XCBuildConfiguration section */
		C01FCF4B08A954540054247B /* Debug */ = {
			isa = XCBuildConfiguration;
			buildSettings = {
				ALWAYS_SEARCH_USER_PATHS = NO;
				COPY_PHASE_STRIP = NO;
				GCC_DYNAMIC_NO_PIC = NO;
				GCC_ENABLE_FIX_AND_CONTINUE = YES;
				GCC_MODEL_TUNING = G5;
				GCC_OPTIMIZATION_LEVEL = 0;
				GCC_PRECOMPILE_PREFIX_HEADER = YES;
				GCC_PREFIX_HEADER = ScreenCapTheora_Prefix.pch;
				HEADER_SEARCH_PATHS = "third-party-lib/include";
				INFOPLIST_FILE = "ScreenCapTheora-Info.plist";
				INSTALL_PATH = "$(HOME)/Applications";
				LIBRARY_SEARCH_PATHS = (
					"$(inherited)",
					"\"$(SRCROOT)/third-party-lib\"",
				);
				PRODUCT_NAME = Echoance;
			};
			name = Debug;
		};
		C01FCF4C08A954540054247B /* Release */ = {
			isa = XCBuildConfiguration;
			buildSettings = {
				ALWAYS_SEARCH_USER_PATHS = NO;
				DEBUG_INFORMATION_FORMAT = "dwarf-with-dsym";
				GCC_MODEL_TUNING = G5;
				GCC_PRECOMPILE_PREFIX_HEADER = YES;
				GCC_PREFIX_HEADER = ScreenCapTheora_Prefix.pch;
				INFOPLIST_FILE = "ScreenCapTheora-Info.plist";
				INSTALL_PATH = "$(HOME)/Applications";
				LIBRARY_SEARCH_PATHS = (
					"$(inherited)",
					"\"$(SRCROOT)/third-party-lib\"",
				);
				PRODUCT_NAME = ScreenCapTheora;
			};
			name = Release;
		};
		C01FCF4F08A954540054247B /* Debug */ = {
			isa = XCBuildConfiguration;
			buildSettings = {
				ARCHS = "$(ARCHS_STANDARD_32_64_BIT)";
				GCC_C_LANGUAGE_STANDARD = gnu99;
				GCC_OPTIMIZATION_LEVEL = 0;
				GCC_WARN_ABOUT_RETURN_TYPE = YES;
				GCC_WARN_UNUSED_VARIABLE = YES;
				ONLY_ACTIVE_ARCH = YES;
				PREBINDING = NO;
				SDKROOT = macosx10.6;
			};
			name = Debug;
		};
		C01FCF5008A954540054247B /* Release */ = {
			isa = XCBuildConfiguration;
			buildSettings = {
				ARCHS = "$(ARCHS_STANDARD_32_64_BIT)";
				GCC_C_LANGUAGE_STANDARD = gnu99;
				GCC_WARN_ABOUT_RETURN_TYPE = YES;
				GCC_WARN_UNUSED_VARIABLE = YES;
				PREBINDING = NO;
				SDKROOT = macosx10.6;
			};
			name = Release;
		};
/* End XCBuildConfiguration section */

/* Begin XCConfigurationList section */
		C01FCF4A08A954540054247B /* Build configuration list for PBXNativeTarget "Echoance" */ = {
			isa = XCConfigurationList;
			buildConfigurations = (
				C01FCF4B08A954540054247B /* Debug */,
				C01FCF4C08A954540054247B /* Release */,
			);
			defaultConfigurationIsVisible = 0;
			defaultConfigurationName = Release;
		};
		C01FCF4E08A954540054247B /* Build configuration list for PBXProject "ScreenCapTheora" */ = {
			isa = XCConfigurationList;
			buildConfigurations = (
				C01FCF4F08A954540054247B /* Debug */,
				C01FCF5008A954540054247B /* Release */,
			);
			defaultConfigurationIsVisible = 0;
			defaultConfigurationName = Release;
		};
/* End XCConfigurationList section */
	};
	rootObject = 29B97313FDCFA39411CA2CEA /* Project object */;
}
